Microsoft Visual Studio Solution File, Format Version 11.00
# Visual Studio 2008

Project("{8E5463C6-B70E-7B20-39AC-2A9ED52375DF}") = "UNet", "Assembly-CSharp-firstpass.csproj", "{925FF407-A073-939E-24E9-7E2A1EB43C75}"
EndProject
Project("{8E5463C6-B70E-7B20-39AC-2A9ED52375DF}") = "UNet", "Assembly-CSharp.csproj", "{2C2363E9-0F6F-B18D-E9FE-1F2BD0D4B19E}"
EndProject
Project("{8E5463C6-B70E-7B20-39AC-2A9ED52375DF}") = "UNet", "Assembly-CSharp-Editor.csproj", "{58CC86CA-6429-0ACE-B87F-A516143750EC}"
EndProject
Project("{8E5463C6-B70E-7B20-39AC-2A9ED52375DF}") = "UNet", "Assembly-UnityScript.unityproj", "{06D87104-4E0C-0E70-806F-991998DD9539}"
EndProject
Global
	GlobalSection(SolutionConfigurationPlatforms) = preSolution
		Debug|Any CPU = Debug|Any CPU
		Release|Any CPU = Release|Any CPU
	EndGlobalSection
	GlobalSection(ProjectConfigurationPlatforms) = postSolution
		{925FF407-A073-939E-24E9-7E2A1EB43C75}.Debug|Any CPU.ActiveCfg = Debug|Any CPU
		{925FF407-A073-939E-24E9-7E2A1EB43C75}.Debug|Any CPU.Build.0 = Debug|Any CPU
		{925FF407-A073-939E-24E9-7E2A1EB43C75}.Release|Any CPU.ActiveCfg = Release|Any CPU
		{925FF407-A073-939E-24E9-7E2A1EB43C75}.Release|Any CPU.Build.0 = Release|Any CPU
		{2C2363E9-0F6F-B18D-E9FE-1F2BD0D4B19E}.Debug|Any CPU.ActiveCfg = Debug|Any CPU
		{2C2363E9-0F6F-B18D-E9FE-1F2BD0D4B19E}.Debug|Any CPU.Build.0 = Debug|Any CPU
		{2C2363E9-0F6F-B18D-E9FE-1F2BD0D4B19E}.Release|Any CPU.ActiveCfg = Release|Any CPU
		{2C2363E9-0F6F-B18D-E9FE-1F2BD0D4B19E}.Release|Any CPU.Build.0 = Release|Any CPU
		{58CC86CA-6429-0ACE-B87F-A516143750EC}.Debug|Any CPU.ActiveCfg = Debug|Any CPU
		{58CC86CA-6429-0ACE-B87F-A516143750EC}.Debug|Any CPU.Build.0 = Debug|Any CPU
		{58CC86CA-6429-0ACE-B87F-A516143750EC}.Release|Any CPU.ActiveCfg = Release|Any CPU
		{58CC86CA-6429-0ACE-B87F-A516143750EC}.Release|Any CPU.Build.0 = Release|Any CPU
		{06D87104-4E0C-0E70-806F-991998DD9539}.Debug|Any CPU.ActiveCfg = Debug|Any CPU
		{06D87104-4E0C-0E70-806F-991998DD9539}.Debug|Any CPU.Build.0 = Debug|Any CPU
		{06D87104-4E0C-0E70-806F-991998DD9539}.Release|Any CPU.ActiveCfg = Release|Any CPU
		{06D87104-4E0C-0E70-806F-991998DD9539}.Release|Any CPU.Build.0 = Release|Any CPU
	EndGlobalSection
	GlobalSection(SolutionProperties) = preSolution
		HideSolutionNode = FALSE
	EndGlobalSection
																																																																																																																																												GlobalSection(MonoDevelopProperties) = preSolution
		StartupItem = Assembly-CSharp.csproj
		Policies = $0
		$0.TextStylePolicy = $1
		$1.inheritsSet = null
		$1.scope = text/x-csharp
		$0.CSharpFormattingPolicy = $2
		$2.inheritsSet = Mono
		$2.inheritsScope = text/x-csharp
		$2.scope = text/x-csharp
		$0.TextStylePolicy = $3
		$3.FileWidth = 120
		$3.TabWidth = 4
		$3.IndentWidth = 4
		$3.EolMarker = Unix
		$3.inheritsSet = Mono
		$3.inheritsScope = text/plain
		$3.scope = text/plain
	EndGlobalSection

EndGlobal
